<?xml version="1.0" encoding="utf-8"?>
<Project ToolsVersion="4.0" xmlns="http://schemas.microsoft.com/developer/msbuild/2003">
  <ItemGroup>
    <Filter Include="Source Files">
      <UniqueIdentifier>{4FC737F1-C7A5-4376-A066-2A32D752A2FF}</UniqueIdentifier>
      <Extensions>cpp;c;cc;cxx;c++;cppm;ixx;def;odl;idl;hpj;bat;asm;asmx</Extensions>
    </Filter>
    <Filter Include="Header Files">
      <UniqueIdentifier>{93995380-89BD-4b04-88EB-625FBE52EBFB}</UniqueIdentifier>
      <Extensions>h;hh;hpp;hxx;h++;hm;inl;inc;ipp;xsd</Extensions>
    </Filter>
    <Filter Include="Resource Files">
      <UniqueIdentifier>{67DA6AB6-F800-4c08-8B7A-83BB121AAD01}</UniqueIdentifier>
      <Extensions>rc;ico;cur;bmp;dlg;rc2;rct;bin;rgs;gif;jpg;jpeg;jpe;resx;tiff;tif;png;wav;mfcribbon-ms</Extensions>
    </Filter>
    <Filter Include="Source Files\imgui">
      <UniqueIdentifier>{396927d0-395b-4fd6-a05a-a0e65cf794de}</UniqueIdentifier>
    </Filter>
    <Filter Include="Source Files\TODO + Example">
      <UniqueIdentifier>{a0ade77c-52ab-4aaf-8614-566f66090e6f}</UniqueIdentifier>
    </Filter>
    <Filter Include="Source Files\Content">
      <UniqueIdentifier>{41558fe1-1b7d-457d-a9bd-1a3186a8c834}</UniqueIdentifier>
    </Filter>
    <Filter Include="Source Files\Pages">
      <UniqueIdentifier>{0998d66e-0a28-45ef-927f-fb626c370254}</UniqueIdentifier>
    </Filter>
  </ItemGroup>
  <ItemGroup>
    <ClInclude Include="framework.h">
      <Filter>Header Files</Filter>
    </ClInclude>
    <ClInclude Include="pch.h">
      <Filter>Header Files</Filter>
    </ClInclude>
    <ClInclude Include="FarmWindow.h">
      <Filter>Source Files</Filter>
    </ClInclude>
    <ClInclude Include="arcdps_exts.h">
      <Filter>Source Files</Filter>
    </ClInclude>
    <ClInclude Include="Content.h">
      <Filter>Source Files</Filter>
    </ClInclude>
    <ClInclude Include="PSNAContent.h">
      <Filter>Source Files\Content</Filter>
    </ClInclude>
    <ClInclude Include="IContent.h">
      <Filter>Source Files</Filter>
    </ClInclude>
    <ClInclude Include="IPage.h">
      <Filter>Source Files\Pages</Filter>
    </ClInclude>
    <ClInclude Include="Page1.h">
      <Filter>Source Files\Pages</Filter>
    </ClInclude>
    <ClInclude Include="Page2.h">
      <Filter>Source Files\Pages</Filter>
    </ClInclude>
    <ClInclude Include="Page3.h">
      <Filter>Source Files\Pages</Filter>
    </ClInclude>
    <ClInclude Include="Page4.h">
      <Filter>Source Files\Pages</Filter>
    </ClInclude>
    <ClInclude Include="Page5.h">
      <Filter>Source Files\Pages</Filter>
    </ClInclude>
  </ItemGroup>
  <ItemGroup>
    <ClCompile Include="dllmain.cpp">
      <Filter>Source Files</Filter>
    </ClCompile>
    <ClCompile Include="pch.cpp">
      <Filter>Source Files</Filter>
    </ClCompile>
    <ClCompile Include="imgui\imgui.cpp">
      <Filter>Source Files\imgui</Filter>
    </ClCompile>
    <ClCompile Include="imgui\imgui_demo.cpp">
      <Filter>Source Files\imgui</Filter>
    </ClCompile>
    <ClCompile Include="imgui\imgui_draw.cpp">
      <Filter>Source Files\imgui</Filter>
    </ClCompile>
    <ClCompile Include="imgui\imgui_tables.cpp">
      <Filter>Source Files\imgui</Filter>
    </ClCompile>
    <ClCompile Include="imgui\imgui_widgets.cpp">
      <Filter>Source Files\imgui</Filter>
    </ClCompile>
    <ClCompile Include="FarmWindow.cpp">
      <Filter>Source Files</Filter>
    </ClCompile>
    <ClCompile Include="Content.cpp">
      <Filter>Source Files</Filter>
    </ClCompile>
    <ClCompile Include="PSNAContent.cpp">
      <Filter>Source Files\Content</Filter>
    </ClCompile>
    <ClCompile Include="Page1.cpp">
      <Filter>Source Files\Pages</Filter>
    </ClCompile>
    <ClCompile Include="Page2.cpp">
      <Filter>Source Files\Pages</Filter>
    </ClCompile>
    <ClCompile Include="Page3.cpp">
      <Filter>Source Files\Pages</Filter>
    </ClCompile>
    <ClCompile Include="Page4.cpp">
      <Filter>Source Files\Pages</Filter>
    </ClCompile>
    <ClCompile Include="Page5.cpp">
      <Filter>Source Files\Pages</Filter>
    </ClCompile>
  </ItemGroup>
  <ItemGroup>
    <Text Include="..\TODO.txt">
      <Filter>Source Files\TODO + Example</Filter>
    </Text>
    <Text Include="Changes.txt">
      <Filter>Source Files\TODO + Example</Filter>
    </Text>
  </ItemGroup>
</Project>